
Microsoft Visual Studio Solution File, Format Version 12.00
Project("{2150E333-8FDC-42A3-9474-1A3956D46DE8}") = "Lecture7", "Lecture7", "{00F2AA3D-F534-4A25-8966-B8BBD38E325F}"
EndProject
Project("{FAE04EC0-301F-11D3-BF4B-00C04F79EFBC}") = "AdvancedTodoWebAPI", "Lecture7\AdvancedTodoWebAPI\AdvancedTodoWebAPI.csproj", "{E6F2C04A-BC8E-47B3-8CAC-6CEFB6CE18C8}"
EndProject
Project("{2150E333-8FDC-42A3-9474-1A3956D46DE8}") = "Lecture1", "Lecture1", "{E8844627-485F-4EE9-9862-31E1D8F18F15}"
EndProject
Project("{2150E333-8FDC-42A3-9474-1A3956D46DE8}") = "Lecture2", "Lecture2", "{75012F5B-6F5A-4638-8D55-6F6DB0623951}"
EndProject
Project("{2150E333-8FDC-42A3-9474-1A3956D46DE8}") = "Lecture3", "Lecture3", "{778DDBAE-C6B0-428B-8C57-789D370D6AF3}"
EndProject
Project("{2150E333-8FDC-42A3-9474-1A3956D46DE8}") = "Lecture4", "Lecture4", "{69651E77-1FF4-4E66-AAED-4F0BF97323CD}"
EndProject
Project("{2150E333-8FDC-42A3-9474-1A3956D46DE8}") = "Lecture5", "Lecture5", "{45E082D0-5142-4F24-AD8E-C80C989E3114}"
EndProject
Project("{2150E333-8FDC-42A3-9474-1A3956D46DE8}") = "Lecture6", "Lecture6", "{41B2C9A2-967C-4CE0-8673-502E215A73C3}"
EndProject
Project("{FAE04EC0-301F-11D3-BF4B-00C04F79EFBC}") = "BiggestDifference", "Lecture1\BiggestDifference\BiggestDifference.csproj", "{E2A85376-5286-4BC2-AF69-C9EAC5DE405C}"
EndProject
Project("{FAE04EC0-301F-11D3-BF4B-00C04F79EFBC}") = "ArrayClumps", "Lecture1\ArrayClumps\ArrayClumps.csproj", "{8A5E4B36-A99C-4F76-8986-F24FD41569F2}"
EndProject
Project("{FAE04EC0-301F-11D3-BF4B-00C04F79EFBC}") = "SimplePerson", "Lecture1\SimplePerson\SimplePerson.csproj", "{0339E37C-3BB6-4C5F-A41B-8031472612DB}"
EndProject
Global
	GlobalSection(SolutionConfigurationPlatforms) = preSolution
		Debug|Any CPU = Debug|Any CPU
		Release|Any CPU = Release|Any CPU
	EndGlobalSection
	GlobalSection(NestedProjects) = preSolution
		{E6F2C04A-BC8E-47B3-8CAC-6CEFB6CE18C8} = {00F2AA3D-F534-4A25-8966-B8BBD38E325F}
		{E2A85376-5286-4BC2-AF69-C9EAC5DE405C} = {E8844627-485F-4EE9-9862-31E1D8F18F15}
		{8A5E4B36-A99C-4F76-8986-F24FD41569F2} = {E8844627-485F-4EE9-9862-31E1D8F18F15}
		{0339E37C-3BB6-4C5F-A41B-8031472612DB} = {E8844627-485F-4EE9-9862-31E1D8F18F15}
	EndGlobalSection
	GlobalSection(ProjectConfigurationPlatforms) = postSolution
		{E6F2C04A-BC8E-47B3-8CAC-6CEFB6CE18C8}.Debug|Any CPU.ActiveCfg = Debug|Any CPU
		{E6F2C04A-BC8E-47B3-8CAC-6CEFB6CE18C8}.Debug|Any CPU.Build.0 = Debug|Any CPU
		{E6F2C04A-BC8E-47B3-8CAC-6CEFB6CE18C8}.Release|Any CPU.ActiveCfg = Release|Any CPU
		{E6F2C04A-BC8E-47B3-8CAC-6CEFB6CE18C8}.Release|Any CPU.Build.0 = Release|Any CPU
		{E2A85376-5286-4BC2-AF69-C9EAC5DE405C}.Debug|Any CPU.ActiveCfg = Debug|Any CPU
		{E2A85376-5286-4BC2-AF69-C9EAC5DE405C}.Debug|Any CPU.Build.0 = Debug|Any CPU
		{E2A85376-5286-4BC2-AF69-C9EAC5DE405C}.Release|Any CPU.ActiveCfg = Release|Any CPU
		{E2A85376-5286-4BC2-AF69-C9EAC5DE405C}.Release|Any CPU.Build.0 = Release|Any CPU
		{8A5E4B36-A99C-4F76-8986-F24FD41569F2}.Debug|Any CPU.ActiveCfg = Debug|Any CPU
		{8A5E4B36-A99C-4F76-8986-F24FD41569F2}.Debug|Any CPU.Build.0 = Debug|Any CPU
		{8A5E4B36-A99C-4F76-8986-F24FD41569F2}.Release|Any CPU.ActiveCfg = Release|Any CPU
		{8A5E4B36-A99C-4F76-8986-F24FD41569F2}.Release|Any CPU.Build.0 = Release|Any CPU
		{0339E37C-3BB6-4C5F-A41B-8031472612DB}.Debug|Any CPU.ActiveCfg = Debug|Any CPU
		{0339E37C-3BB6-4C5F-A41B-8031472612DB}.Debug|Any CPU.Build.0 = Debug|Any CPU
		{0339E37C-3BB6-4C5F-A41B-8031472612DB}.Release|Any CPU.ActiveCfg = Release|Any CPU
		{0339E37C-3BB6-4C5F-A41B-8031472612DB}.Release|Any CPU.Build.0 = Release|Any CPU
	EndGlobalSection
EndGlobal
