
Microsoft Visual Studio Solution File, Format Version 12.00
Project("{2150E333-8FDC-42A3-9474-1A3956D46DE8}") = "Lecture7", "Lecture7", "{00F2AA3D-F534-4A25-8966-B8BBD38E325F}"
EndProject
Project("{FAE04EC0-301F-11D3-BF4B-00C04F79EFBC}") = "AdvancedTodoWebAPI", "Lecture7\AdvancedTodoWebAPI\AdvancedTodoWebAPI.csproj", "{E6F2C04A-BC8E-47B3-8CAC-6CEFB6CE18C8}"
EndProject
Project("{2150E333-8FDC-42A3-9474-1A3956D46DE8}") = "Lecture1", "Lecture1", "{E8844627-485F-4EE9-9862-31E1D8F18F15}"
EndProject
Project("{2150E333-8FDC-42A3-9474-1A3956D46DE8}") = "Lecture2", "Lecture2", "{75012F5B-6F5A-4638-8D55-6F6DB0623951}"
EndProject
Project("{2150E333-8FDC-42A3-9474-1A3956D46DE8}") = "Lecture3", "Lecture3", "{778DDBAE-C6B0-428B-8C57-789D370D6AF3}"
EndProject
Project("{2150E333-8FDC-42A3-9474-1A3956D46DE8}") = "Lecture4", "Lecture4", "{69651E77-1FF4-4E66-AAED-4F0BF97323CD}"
EndProject
Project("{2150E333-8FDC-42A3-9474-1A3956D46DE8}") = "Lecture5", "Lecture5", "{45E082D0-5142-4F24-AD8E-C80C989E3114}"
EndProject
Project("{2150E333-8FDC-42A3-9474-1A3956D46DE8}") = "Lecture6", "Lecture6", "{41B2C9A2-967C-4CE0-8673-502E215A73C3}"
EndProject
Project("{FAE04EC0-301F-11D3-BF4B-00C04F79EFBC}") = "BiggestDifference", "Lecture1\BiggestDifference\BiggestDifference.csproj", "{E2A85376-5286-4BC2-AF69-C9EAC5DE405C}"
EndProject
Project("{FAE04EC0-301F-11D3-BF4B-00C04F79EFBC}") = "ArrayClumps", "Lecture1\ArrayClumps\ArrayClumps.csproj", "{8A5E4B36-A99C-4F76-8986-F24FD41569F2}"
EndProject
Project("{FAE04EC0-301F-11D3-BF4B-00C04F79EFBC}") = "SimplePerson", "Lecture1\SimplePerson\SimplePerson.csproj", "{0339E37C-3BB6-4C5F-A41B-8031472612DB}"
EndProject
Project("{FAE04EC0-301F-11D3-BF4B-00C04F79EFBC}") = "PrintingNumbers", "Lecture1\PrintingNumbers\PrintingNumbers.csproj", "{73679F3B-1FD7-458A-9D1D-985CFA9F1CF7}"
EndProject
Project("{FAE04EC0-301F-11D3-BF4B-00C04F79EFBC}") = "MathInSeparateNamespace", "Lecture1\MathInSeparateNamespace\MathInSeparateNamespace.csproj", "{7CBF34B2-CD60-48C1-8930-F3AF18EEE999}"
EndProject
Project("{FAE04EC0-301F-11D3-BF4B-00C04F79EFBC}") = "MoreMath", "Lecture1\MoreMath\MoreMath.csproj", "{76E5341E-86DA-4843-84AE-35AA046F7FBC}"
EndProject
Project("{FAE04EC0-301F-11D3-BF4B-00C04F79EFBC}") = "ABBA", "Lecture1\ABBA\ABBA.csproj", "{957717F5-C140-45B9-9566-33819E97491A}"
EndProject
Project("{FAE04EC0-301F-11D3-BF4B-00C04F79EFBC}") = "SurroundWith", "Lecture1\SurroundWith\SurroundWith.csproj", "{7363F399-A853-43A6-B145-846B328899A3}"
EndProject
Project("{FAE04EC0-301F-11D3-BF4B-00C04F79EFBC}") = "Substring", "Lecture1\Substring\Substring.csproj", "{B15AE372-B621-4B27-A6D2-144DEF0D93B0}"
EndProject
Project("{FAE04EC0-301F-11D3-BF4B-00C04F79EFBC}") = "Polymorphism", "Lecture2\Polymorphism\Polymorphism.csproj", "{FD6D7327-0CF2-41FE-8EA5-0D74002CE6CC}"
EndProject
Project("{FAE04EC0-301F-11D3-BF4B-00C04F79EFBC}") = "BirdWatchers", "Lecture2\BirdWatchers\BirdWatchers.csproj", "{8D2ECCD8-3EA8-437B-A0BA-59FCE9734E1F}"
EndProject
Project("{FAE04EC0-301F-11D3-BF4B-00C04F79EFBC}") = "CarAndPredicates", "Lecture2\CarAndPredicates\CarAndPredicates.csproj", "{D6F79EB6-9F78-4504-A16F-3C5282E64946}"
EndProject
Project("{FAE04EC0-301F-11D3-BF4B-00C04F79EFBC}") = "DoctorsWaitingRoom", "Lecture2\DoctorsWaitingRoom\DoctorsWaitingRoom.csproj", "{C15AD538-0B3D-4243-B72D-8DB65DDADF16}"
EndProject
Project("{FAE04EC0-301F-11D3-BF4B-00C04F79EFBC}") = "LargestProductSeries", "Lecture2\LargestProductSeries\LargestProductSeries.csproj", "{C1CACC18-C956-4FF6-A0E2-6804DCC94C7A}"
EndProject
Project("{FAE04EC0-301F-11D3-BF4B-00C04F79EFBC}") = "SumsAndQuestionMarks", "Lecture2\SumsAndQuestionMarks\SumsAndQuestionMarks.csproj", "{9CD6091C-BFA5-443B-AE49-8026141D7E5C}"
EndProject
Project("{FAE04EC0-301F-11D3-BF4B-00C04F79EFBC}") = "IdentifyPalindromes", "Lecture2\IdentifyPalindromes\IdentifyPalindromes.csproj", "{1911AD73-CB7E-4B41-815A-4B4527856069}"
EndProject
Project("{FAE04EC0-301F-11D3-BF4B-00C04F79EFBC}") = "KthLargestNumber", "Lecture2\KthLargestNumber\KthLargestNumber.csproj", "{3D6ED455-B6F7-46E5-8642-18F91603F0AC}"
EndProject
Project("{FAE04EC0-301F-11D3-BF4B-00C04F79EFBC}") = "SpellOutTheNumber", "Lecture2\SpellOutTheNumber\SpellOutTheNumber.csproj", "{2CE69C87-834A-45FA-BE89-44A1E7023F9F}"
EndProject
Project("{FAE04EC0-301F-11D3-BF4B-00C04F79EFBC}") = "GameQuestLogic", "Lecture2\GameQuestLogic\GameQuestLogic.csproj", "{043A9374-8BFB-423C-BEBC-CF1257C3224B}"
EndProject
Project("{FAE04EC0-301F-11D3-BF4B-00C04F79EFBC}") = "JSONIntro", "Lecture3\JSONIntro\JSONIntro.csproj", "{6A15D5C5-43F9-4981-B364-CF073003A54E}"
EndProject
Project("{FAE04EC0-301F-11D3-BF4B-00C04F79EFBC}") = "JSONFileStorage", "Lecture3\JSONFileStorage\JSONFileStorage.csproj", "{93BD0CB1-38A2-4C19-9891-6DA4BAD85388}"
EndProject
Project("{FAE04EC0-301F-11D3-BF4B-00C04F79EFBC}") = "EchoServer-Client", "Lecture3\EchoServer-Client\EchoServer-Client.csproj", "{DFBE2B36-0426-4F9E-8F01-9C59ADE4ABE2}"
EndProject
Project("{FAE04EC0-301F-11D3-BF4B-00C04F79EFBC}") = "EchoServer-Server", "Lecture3\EchoServer-Server\EchoServer-Server.csproj", "{ABE13D21-DF6E-4C6F-BBDF-836C48A2F2E4}"
EndProject
Project("{FAE04EC0-301F-11D3-BF4B-00C04F79EFBC}") = "MultithreadedServer-Client", "Lecture3\MultithreadedServer-Client\MultithreadedServer-Client.csproj", "{91C9EB52-537A-464B-A466-76647F830665}"
EndProject
Project("{FAE04EC0-301F-11D3-BF4B-00C04F79EFBC}") = "MultithreadedServer-Server", "Lecture3\MultithreadedServer-Server\MultithreadedServer-Server.csproj", "{FF43FEA3-3A8D-4E27-95F4-6B7172FD946C}"
EndProject
Project("{FAE04EC0-301F-11D3-BF4B-00C04F79EFBC}") = "ChatProgram-Client", "Lecture3\ChatProgram-Client\ChatProgram-Client.csproj", "{97063472-7AE0-4022-A08C-B86B70B594E8}"
EndProject
Project("{FAE04EC0-301F-11D3-BF4B-00C04F79EFBC}") = "ChatProgram-Server", "Lecture3\ChatProgram-Server\ChatProgram-Server.csproj", "{4DC161F4-AD71-4541-AF01-8E031B53C495}"
EndProject
Project("{FAE04EC0-301F-11D3-BF4B-00C04F79EFBC}") = "SendingObject-Client", "Lecture3\SendingObject-Client\SendingObject-Client.csproj", "{1BEB3578-7C7A-47E9-B93A-7CF3F8CB1489}"
EndProject
Project("{FAE04EC0-301F-11D3-BF4B-00C04F79EFBC}") = "SendingObject-Server", "Lecture3\SendingObject-Server\SendingObject-Server.csproj", "{4EDD9C18-943B-4323-89C3-4BACDC37CB36}"
EndProject
Project("{FAE04EC0-301F-11D3-BF4B-00C04F79EFBC}") = "BlazorTutorial", "Lecture4\BlazorTutorial\BlazorTutorial.csproj", "{52B93442-F957-45CD-B7B7-D1049F1F8D6E}"
EndProject
Project("{FAE04EC0-301F-11D3-BF4B-00C04F79EFBC}") = "FourthCoffee", "Lecture4\FourthCoffee\FourthCoffee.csproj", "{9361821D-D151-4D3C-BCD4-CB0036ABB0D0}"
EndProject
Project("{FAE04EC0-301F-11D3-BF4B-00C04F79EFBC}") = "TicTacToe", "Lecture4\TicTacToe\TicTacToe.csproj", "{E34CAA84-94E1-439C-BA5D-DF202F2F07E8}"
EndProject
Global
	GlobalSection(SolutionConfigurationPlatforms) = preSolution
		Debug|Any CPU = Debug|Any CPU
		Release|Any CPU = Release|Any CPU
	EndGlobalSection
	GlobalSection(NestedProjects) = preSolution
		{E6F2C04A-BC8E-47B3-8CAC-6CEFB6CE18C8} = {00F2AA3D-F534-4A25-8966-B8BBD38E325F}
		{E2A85376-5286-4BC2-AF69-C9EAC5DE405C} = {E8844627-485F-4EE9-9862-31E1D8F18F15}
		{8A5E4B36-A99C-4F76-8986-F24FD41569F2} = {E8844627-485F-4EE9-9862-31E1D8F18F15}
		{0339E37C-3BB6-4C5F-A41B-8031472612DB} = {E8844627-485F-4EE9-9862-31E1D8F18F15}
		{73679F3B-1FD7-458A-9D1D-985CFA9F1CF7} = {E8844627-485F-4EE9-9862-31E1D8F18F15}
		{7CBF34B2-CD60-48C1-8930-F3AF18EEE999} = {E8844627-485F-4EE9-9862-31E1D8F18F15}
		{76E5341E-86DA-4843-84AE-35AA046F7FBC} = {E8844627-485F-4EE9-9862-31E1D8F18F15}
		{957717F5-C140-45B9-9566-33819E97491A} = {E8844627-485F-4EE9-9862-31E1D8F18F15}
		{7363F399-A853-43A6-B145-846B328899A3} = {E8844627-485F-4EE9-9862-31E1D8F18F15}
		{B15AE372-B621-4B27-A6D2-144DEF0D93B0} = {E8844627-485F-4EE9-9862-31E1D8F18F15}
		{FD6D7327-0CF2-41FE-8EA5-0D74002CE6CC} = {75012F5B-6F5A-4638-8D55-6F6DB0623951}
		{8D2ECCD8-3EA8-437B-A0BA-59FCE9734E1F} = {75012F5B-6F5A-4638-8D55-6F6DB0623951}
		{D6F79EB6-9F78-4504-A16F-3C5282E64946} = {75012F5B-6F5A-4638-8D55-6F6DB0623951}
		{C15AD538-0B3D-4243-B72D-8DB65DDADF16} = {75012F5B-6F5A-4638-8D55-6F6DB0623951}
		{C1CACC18-C956-4FF6-A0E2-6804DCC94C7A} = {75012F5B-6F5A-4638-8D55-6F6DB0623951}
		{9CD6091C-BFA5-443B-AE49-8026141D7E5C} = {75012F5B-6F5A-4638-8D55-6F6DB0623951}
		{1911AD73-CB7E-4B41-815A-4B4527856069} = {75012F5B-6F5A-4638-8D55-6F6DB0623951}
		{3D6ED455-B6F7-46E5-8642-18F91603F0AC} = {75012F5B-6F5A-4638-8D55-6F6DB0623951}
		{2CE69C87-834A-45FA-BE89-44A1E7023F9F} = {75012F5B-6F5A-4638-8D55-6F6DB0623951}
		{043A9374-8BFB-423C-BEBC-CF1257C3224B} = {75012F5B-6F5A-4638-8D55-6F6DB0623951}
		{6A15D5C5-43F9-4981-B364-CF073003A54E} = {778DDBAE-C6B0-428B-8C57-789D370D6AF3}
		{93BD0CB1-38A2-4C19-9891-6DA4BAD85388} = {778DDBAE-C6B0-428B-8C57-789D370D6AF3}
		{DFBE2B36-0426-4F9E-8F01-9C59ADE4ABE2} = {778DDBAE-C6B0-428B-8C57-789D370D6AF3}
		{ABE13D21-DF6E-4C6F-BBDF-836C48A2F2E4} = {778DDBAE-C6B0-428B-8C57-789D370D6AF3}
		{91C9EB52-537A-464B-A466-76647F830665} = {778DDBAE-C6B0-428B-8C57-789D370D6AF3}
		{FF43FEA3-3A8D-4E27-95F4-6B7172FD946C} = {778DDBAE-C6B0-428B-8C57-789D370D6AF3}
		{97063472-7AE0-4022-A08C-B86B70B594E8} = {778DDBAE-C6B0-428B-8C57-789D370D6AF3}
		{4DC161F4-AD71-4541-AF01-8E031B53C495} = {778DDBAE-C6B0-428B-8C57-789D370D6AF3}
		{1BEB3578-7C7A-47E9-B93A-7CF3F8CB1489} = {778DDBAE-C6B0-428B-8C57-789D370D6AF3}
		{4EDD9C18-943B-4323-89C3-4BACDC37CB36} = {778DDBAE-C6B0-428B-8C57-789D370D6AF3}
		{52B93442-F957-45CD-B7B7-D1049F1F8D6E} = {69651E77-1FF4-4E66-AAED-4F0BF97323CD}
		{9361821D-D151-4D3C-BCD4-CB0036ABB0D0} = {69651E77-1FF4-4E66-AAED-4F0BF97323CD}
		{E34CAA84-94E1-439C-BA5D-DF202F2F07E8} = {69651E77-1FF4-4E66-AAED-4F0BF97323CD}
	EndGlobalSection
	GlobalSection(ProjectConfigurationPlatforms) = postSolution
		{E6F2C04A-BC8E-47B3-8CAC-6CEFB6CE18C8}.Debug|Any CPU.ActiveCfg = Debug|Any CPU
		{E6F2C04A-BC8E-47B3-8CAC-6CEFB6CE18C8}.Debug|Any CPU.Build.0 = Debug|Any CPU
		{E6F2C04A-BC8E-47B3-8CAC-6CEFB6CE18C8}.Release|Any CPU.ActiveCfg = Release|Any CPU
		{E6F2C04A-BC8E-47B3-8CAC-6CEFB6CE18C8}.Release|Any CPU.Build.0 = Release|Any CPU
		{E2A85376-5286-4BC2-AF69-C9EAC5DE405C}.Debug|Any CPU.ActiveCfg = Debug|Any CPU
		{E2A85376-5286-4BC2-AF69-C9EAC5DE405C}.Debug|Any CPU.Build.0 = Debug|Any CPU
		{E2A85376-5286-4BC2-AF69-C9EAC5DE405C}.Release|Any CPU.ActiveCfg = Release|Any CPU
		{E2A85376-5286-4BC2-AF69-C9EAC5DE405C}.Release|Any CPU.Build.0 = Release|Any CPU
		{8A5E4B36-A99C-4F76-8986-F24FD41569F2}.Debug|Any CPU.ActiveCfg = Debug|Any CPU
		{8A5E4B36-A99C-4F76-8986-F24FD41569F2}.Debug|Any CPU.Build.0 = Debug|Any CPU
		{8A5E4B36-A99C-4F76-8986-F24FD41569F2}.Release|Any CPU.ActiveCfg = Release|Any CPU
		{8A5E4B36-A99C-4F76-8986-F24FD41569F2}.Release|Any CPU.Build.0 = Release|Any CPU
		{0339E37C-3BB6-4C5F-A41B-8031472612DB}.Debug|Any CPU.ActiveCfg = Debug|Any CPU
		{0339E37C-3BB6-4C5F-A41B-8031472612DB}.Debug|Any CPU.Build.0 = Debug|Any CPU
		{0339E37C-3BB6-4C5F-A41B-8031472612DB}.Release|Any CPU.ActiveCfg = Release|Any CPU
		{0339E37C-3BB6-4C5F-A41B-8031472612DB}.Release|Any CPU.Build.0 = Release|Any CPU
		{73679F3B-1FD7-458A-9D1D-985CFA9F1CF7}.Debug|Any CPU.ActiveCfg = Debug|Any CPU
		{73679F3B-1FD7-458A-9D1D-985CFA9F1CF7}.Debug|Any CPU.Build.0 = Debug|Any CPU
		{73679F3B-1FD7-458A-9D1D-985CFA9F1CF7}.Release|Any CPU.ActiveCfg = Release|Any CPU
		{73679F3B-1FD7-458A-9D1D-985CFA9F1CF7}.Release|Any CPU.Build.0 = Release|Any CPU
		{7CBF34B2-CD60-48C1-8930-F3AF18EEE999}.Debug|Any CPU.ActiveCfg = Debug|Any CPU
		{7CBF34B2-CD60-48C1-8930-F3AF18EEE999}.Debug|Any CPU.Build.0 = Debug|Any CPU
		{7CBF34B2-CD60-48C1-8930-F3AF18EEE999}.Release|Any CPU.ActiveCfg = Release|Any CPU
		{7CBF34B2-CD60-48C1-8930-F3AF18EEE999}.Release|Any CPU.Build.0 = Release|Any CPU
		{76E5341E-86DA-4843-84AE-35AA046F7FBC}.Debug|Any CPU.ActiveCfg = Debug|Any CPU
		{76E5341E-86DA-4843-84AE-35AA046F7FBC}.Debug|Any CPU.Build.0 = Debug|Any CPU
		{76E5341E-86DA-4843-84AE-35AA046F7FBC}.Release|Any CPU.ActiveCfg = Release|Any CPU
		{76E5341E-86DA-4843-84AE-35AA046F7FBC}.Release|Any CPU.Build.0 = Release|Any CPU
		{957717F5-C140-45B9-9566-33819E97491A}.Debug|Any CPU.ActiveCfg = Debug|Any CPU
		{957717F5-C140-45B9-9566-33819E97491A}.Debug|Any CPU.Build.0 = Debug|Any CPU
		{957717F5-C140-45B9-9566-33819E97491A}.Release|Any CPU.ActiveCfg = Release|Any CPU
		{957717F5-C140-45B9-9566-33819E97491A}.Release|Any CPU.Build.0 = Release|Any CPU
		{7363F399-A853-43A6-B145-846B328899A3}.Debug|Any CPU.ActiveCfg = Debug|Any CPU
		{7363F399-A853-43A6-B145-846B328899A3}.Debug|Any CPU.Build.0 = Debug|Any CPU
		{7363F399-A853-43A6-B145-846B328899A3}.Release|Any CPU.ActiveCfg = Release|Any CPU
		{7363F399-A853-43A6-B145-846B328899A3}.Release|Any CPU.Build.0 = Release|Any CPU
		{B15AE372-B621-4B27-A6D2-144DEF0D93B0}.Debug|Any CPU.ActiveCfg = Debug|Any CPU
		{B15AE372-B621-4B27-A6D2-144DEF0D93B0}.Debug|Any CPU.Build.0 = Debug|Any CPU
		{B15AE372-B621-4B27-A6D2-144DEF0D93B0}.Release|Any CPU.ActiveCfg = Release|Any CPU
		{B15AE372-B621-4B27-A6D2-144DEF0D93B0}.Release|Any CPU.Build.0 = Release|Any CPU
		{FD6D7327-0CF2-41FE-8EA5-0D74002CE6CC}.Debug|Any CPU.ActiveCfg = Debug|Any CPU
		{FD6D7327-0CF2-41FE-8EA5-0D74002CE6CC}.Debug|Any CPU.Build.0 = Debug|Any CPU
		{FD6D7327-0CF2-41FE-8EA5-0D74002CE6CC}.Release|Any CPU.ActiveCfg = Release|Any CPU
		{FD6D7327-0CF2-41FE-8EA5-0D74002CE6CC}.Release|Any CPU.Build.0 = Release|Any CPU
		{8D2ECCD8-3EA8-437B-A0BA-59FCE9734E1F}.Debug|Any CPU.ActiveCfg = Debug|Any CPU
		{8D2ECCD8-3EA8-437B-A0BA-59FCE9734E1F}.Debug|Any CPU.Build.0 = Debug|Any CPU
		{8D2ECCD8-3EA8-437B-A0BA-59FCE9734E1F}.Release|Any CPU.ActiveCfg = Release|Any CPU
		{8D2ECCD8-3EA8-437B-A0BA-59FCE9734E1F}.Release|Any CPU.Build.0 = Release|Any CPU
		{D6F79EB6-9F78-4504-A16F-3C5282E64946}.Debug|Any CPU.ActiveCfg = Debug|Any CPU
		{D6F79EB6-9F78-4504-A16F-3C5282E64946}.Debug|Any CPU.Build.0 = Debug|Any CPU
		{D6F79EB6-9F78-4504-A16F-3C5282E64946}.Release|Any CPU.ActiveCfg = Release|Any CPU
		{D6F79EB6-9F78-4504-A16F-3C5282E64946}.Release|Any CPU.Build.0 = Release|Any CPU
		{C15AD538-0B3D-4243-B72D-8DB65DDADF16}.Debug|Any CPU.ActiveCfg = Debug|Any CPU
		{C15AD538-0B3D-4243-B72D-8DB65DDADF16}.Debug|Any CPU.Build.0 = Debug|Any CPU
		{C15AD538-0B3D-4243-B72D-8DB65DDADF16}.Release|Any CPU.ActiveCfg = Release|Any CPU
		{C15AD538-0B3D-4243-B72D-8DB65DDADF16}.Release|Any CPU.Build.0 = Release|Any CPU
		{C1CACC18-C956-4FF6-A0E2-6804DCC94C7A}.Debug|Any CPU.ActiveCfg = Debug|Any CPU
		{C1CACC18-C956-4FF6-A0E2-6804DCC94C7A}.Debug|Any CPU.Build.0 = Debug|Any CPU
		{C1CACC18-C956-4FF6-A0E2-6804DCC94C7A}.Release|Any CPU.ActiveCfg = Release|Any CPU
		{C1CACC18-C956-4FF6-A0E2-6804DCC94C7A}.Release|Any CPU.Build.0 = Release|Any CPU
		{9CD6091C-BFA5-443B-AE49-8026141D7E5C}.Debug|Any CPU.ActiveCfg = Debug|Any CPU
		{9CD6091C-BFA5-443B-AE49-8026141D7E5C}.Debug|Any CPU.Build.0 = Debug|Any CPU
		{9CD6091C-BFA5-443B-AE49-8026141D7E5C}.Release|Any CPU.ActiveCfg = Release|Any CPU
		{9CD6091C-BFA5-443B-AE49-8026141D7E5C}.Release|Any CPU.Build.0 = Release|Any CPU
		{1911AD73-CB7E-4B41-815A-4B4527856069}.Debug|Any CPU.ActiveCfg = Debug|Any CPU
		{1911AD73-CB7E-4B41-815A-4B4527856069}.Debug|Any CPU.Build.0 = Debug|Any CPU
		{1911AD73-CB7E-4B41-815A-4B4527856069}.Release|Any CPU.ActiveCfg = Release|Any CPU
		{1911AD73-CB7E-4B41-815A-4B4527856069}.Release|Any CPU.Build.0 = Release|Any CPU
		{3D6ED455-B6F7-46E5-8642-18F91603F0AC}.Debug|Any CPU.ActiveCfg = Debug|Any CPU
		{3D6ED455-B6F7-46E5-8642-18F91603F0AC}.Debug|Any CPU.Build.0 = Debug|Any CPU
		{3D6ED455-B6F7-46E5-8642-18F91603F0AC}.Release|Any CPU.ActiveCfg = Release|Any CPU
		{3D6ED455-B6F7-46E5-8642-18F91603F0AC}.Release|Any CPU.Build.0 = Release|Any CPU
		{2CE69C87-834A-45FA-BE89-44A1E7023F9F}.Debug|Any CPU.ActiveCfg = Debug|Any CPU
		{2CE69C87-834A-45FA-BE89-44A1E7023F9F}.Debug|Any CPU.Build.0 = Debug|Any CPU
		{2CE69C87-834A-45FA-BE89-44A1E7023F9F}.Release|Any CPU.ActiveCfg = Release|Any CPU
		{2CE69C87-834A-45FA-BE89-44A1E7023F9F}.Release|Any CPU.Build.0 = Release|Any CPU
		{043A9374-8BFB-423C-BEBC-CF1257C3224B}.Debug|Any CPU.ActiveCfg = Debug|Any CPU
		{043A9374-8BFB-423C-BEBC-CF1257C3224B}.Debug|Any CPU.Build.0 = Debug|Any CPU
		{043A9374-8BFB-423C-BEBC-CF1257C3224B}.Release|Any CPU.ActiveCfg = Release|Any CPU
		{043A9374-8BFB-423C-BEBC-CF1257C3224B}.Release|Any CPU.Build.0 = Release|Any CPU
		{6A15D5C5-43F9-4981-B364-CF073003A54E}.Debug|Any CPU.ActiveCfg = Debug|Any CPU
		{6A15D5C5-43F9-4981-B364-CF073003A54E}.Debug|Any CPU.Build.0 = Debug|Any CPU
		{6A15D5C5-43F9-4981-B364-CF073003A54E}.Release|Any CPU.ActiveCfg = Release|Any CPU
		{6A15D5C5-43F9-4981-B364-CF073003A54E}.Release|Any CPU.Build.0 = Release|Any CPU
		{93BD0CB1-38A2-4C19-9891-6DA4BAD85388}.Debug|Any CPU.ActiveCfg = Debug|Any CPU
		{93BD0CB1-38A2-4C19-9891-6DA4BAD85388}.Debug|Any CPU.Build.0 = Debug|Any CPU
		{93BD0CB1-38A2-4C19-9891-6DA4BAD85388}.Release|Any CPU.ActiveCfg = Release|Any CPU
		{93BD0CB1-38A2-4C19-9891-6DA4BAD85388}.Release|Any CPU.Build.0 = Release|Any CPU
		{DFBE2B36-0426-4F9E-8F01-9C59ADE4ABE2}.Debug|Any CPU.ActiveCfg = Debug|Any CPU
		{DFBE2B36-0426-4F9E-8F01-9C59ADE4ABE2}.Debug|Any CPU.Build.0 = Debug|Any CPU
		{DFBE2B36-0426-4F9E-8F01-9C59ADE4ABE2}.Release|Any CPU.ActiveCfg = Release|Any CPU
		{DFBE2B36-0426-4F9E-8F01-9C59ADE4ABE2}.Release|Any CPU.Build.0 = Release|Any CPU
		{ABE13D21-DF6E-4C6F-BBDF-836C48A2F2E4}.Debug|Any CPU.ActiveCfg = Debug|Any CPU
		{ABE13D21-DF6E-4C6F-BBDF-836C48A2F2E4}.Debug|Any CPU.Build.0 = Debug|Any CPU
		{ABE13D21-DF6E-4C6F-BBDF-836C48A2F2E4}.Release|Any CPU.ActiveCfg = Release|Any CPU
		{ABE13D21-DF6E-4C6F-BBDF-836C48A2F2E4}.Release|Any CPU.Build.0 = Release|Any CPU
		{91C9EB52-537A-464B-A466-76647F830665}.Debug|Any CPU.ActiveCfg = Debug|Any CPU
		{91C9EB52-537A-464B-A466-76647F830665}.Debug|Any CPU.Build.0 = Debug|Any CPU
		{91C9EB52-537A-464B-A466-76647F830665}.Release|Any CPU.ActiveCfg = Release|Any CPU
		{91C9EB52-537A-464B-A466-76647F830665}.Release|Any CPU.Build.0 = Release|Any CPU
		{FF43FEA3-3A8D-4E27-95F4-6B7172FD946C}.Debug|Any CPU.ActiveCfg = Debug|Any CPU
		{FF43FEA3-3A8D-4E27-95F4-6B7172FD946C}.Debug|Any CPU.Build.0 = Debug|Any CPU
		{FF43FEA3-3A8D-4E27-95F4-6B7172FD946C}.Release|Any CPU.ActiveCfg = Release|Any CPU
		{FF43FEA3-3A8D-4E27-95F4-6B7172FD946C}.Release|Any CPU.Build.0 = Release|Any CPU
		{97063472-7AE0-4022-A08C-B86B70B594E8}.Debug|Any CPU.ActiveCfg = Debug|Any CPU
		{97063472-7AE0-4022-A08C-B86B70B594E8}.Debug|Any CPU.Build.0 = Debug|Any CPU
		{97063472-7AE0-4022-A08C-B86B70B594E8}.Release|Any CPU.ActiveCfg = Release|Any CPU
		{97063472-7AE0-4022-A08C-B86B70B594E8}.Release|Any CPU.Build.0 = Release|Any CPU
		{4DC161F4-AD71-4541-AF01-8E031B53C495}.Debug|Any CPU.ActiveCfg = Debug|Any CPU
		{4DC161F4-AD71-4541-AF01-8E031B53C495}.Debug|Any CPU.Build.0 = Debug|Any CPU
		{4DC161F4-AD71-4541-AF01-8E031B53C495}.Release|Any CPU.ActiveCfg = Release|Any CPU
		{4DC161F4-AD71-4541-AF01-8E031B53C495}.Release|Any CPU.Build.0 = Release|Any CPU
		{1BEB3578-7C7A-47E9-B93A-7CF3F8CB1489}.Debug|Any CPU.ActiveCfg = Debug|Any CPU
		{1BEB3578-7C7A-47E9-B93A-7CF3F8CB1489}.Debug|Any CPU.Build.0 = Debug|Any CPU
		{1BEB3578-7C7A-47E9-B93A-7CF3F8CB1489}.Release|Any CPU.ActiveCfg = Release|Any CPU
		{1BEB3578-7C7A-47E9-B93A-7CF3F8CB1489}.Release|Any CPU.Build.0 = Release|Any CPU
		{4EDD9C18-943B-4323-89C3-4BACDC37CB36}.Debug|Any CPU.ActiveCfg = Debug|Any CPU
		{4EDD9C18-943B-4323-89C3-4BACDC37CB36}.Debug|Any CPU.Build.0 = Debug|Any CPU
		{4EDD9C18-943B-4323-89C3-4BACDC37CB36}.Release|Any CPU.ActiveCfg = Release|Any CPU
		{4EDD9C18-943B-4323-89C3-4BACDC37CB36}.Release|Any CPU.Build.0 = Release|Any CPU
		{52B93442-F957-45CD-B7B7-D1049F1F8D6E}.Debug|Any CPU.ActiveCfg = Debug|Any CPU
		{52B93442-F957-45CD-B7B7-D1049F1F8D6E}.Debug|Any CPU.Build.0 = Debug|Any CPU
		{52B93442-F957-45CD-B7B7-D1049F1F8D6E}.Release|Any CPU.ActiveCfg = Release|Any CPU
		{52B93442-F957-45CD-B7B7-D1049F1F8D6E}.Release|Any CPU.Build.0 = Release|Any CPU
		{9361821D-D151-4D3C-BCD4-CB0036ABB0D0}.Debug|Any CPU.ActiveCfg = Debug|Any CPU
		{9361821D-D151-4D3C-BCD4-CB0036ABB0D0}.Debug|Any CPU.Build.0 = Debug|Any CPU
		{9361821D-D151-4D3C-BCD4-CB0036ABB0D0}.Release|Any CPU.ActiveCfg = Release|Any CPU
		{9361821D-D151-4D3C-BCD4-CB0036ABB0D0}.Release|Any CPU.Build.0 = Release|Any CPU
		{E34CAA84-94E1-439C-BA5D-DF202F2F07E8}.Debug|Any CPU.ActiveCfg = Debug|Any CPU
		{E34CAA84-94E1-439C-BA5D-DF202F2F07E8}.Debug|Any CPU.Build.0 = Debug|Any CPU
		{E34CAA84-94E1-439C-BA5D-DF202F2F07E8}.Release|Any CPU.ActiveCfg = Release|Any CPU
		{E34CAA84-94E1-439C-BA5D-DF202F2F07E8}.Release|Any CPU.Build.0 = Release|Any CPU
	EndGlobalSection
EndGlobal
